// !$*UTF8*$!
{
	archiveVersion = 1;
	classes = {
	};
	objectVersion = 46;
	objects = {

/* Begin PBXBuildFile section */
		2BCEB7F3185EF2AB007C8D2C /* AVFoundation.framework in Frameworks */ = {isa = PBXBuildFile; fileRef = 2BCEB7F2185EF2AB007C8D2C /* AVFoundation.framework */; };
		661F8B891848CB590099319C /* Foundation.framework in Frameworks */ = {isa = PBXBuildFile; fileRef = 661F8B881848CB590099319C /* Foundation.framework */; };
		661F8B8B1848CB590099319C /* CoreGraphics.framework in Frameworks */ = {isa = PBXBuildFile; fileRef = 661F8B8A1848CB590099319C /* CoreGraphics.framework */; };
		661F8B8D1848CB590099319C /* UIKit.framework in Frameworks */ = {isa = PBXBuildFile; fileRef = 661F8B8C1848CB590099319C /* UIKit.framework */; };
		661F8B931848CB590099319C /* InfoPlist.strings in Resources */ = {isa = PBXBuildFile; fileRef = 661F8B911848CB590099319C /* InfoPlist.strings */; };
		661F8B951848CB590099319C /* main.m in Sources */ = {isa = PBXBuildFile; fileRef = 661F8B941848CB590099319C /* main.m */; };
		661F8B991848CB590099319C /* AppDelegate.m in Sources */ = {isa = PBXBuildFile; fileRef = 661F8B981848CB590099319C /* AppDelegate.m */; };
		661F8B9C1848CB590099319C /* Main.storyboard in Resources */ = {isa = PBXBuildFile; fileRef = 661F8B9A1848CB590099319C /* Main.storyboard */; };
		661F8B9F1848CB590099319C /* ViewController.m in Sources */ = {isa = PBXBuildFile; fileRef = 661F8B9E1848CB590099319C /* ViewController.m */; };
		661F8BA11848CB590099319C /* Images.xcassets in Resources */ = {isa = PBXBuildFile; fileRef = 661F8BA01848CB590099319C /* Images.xcassets */; };
		661F8BA81848CB590099319C /* XCTest.framework in Frameworks */ = {isa = PBXBuildFile; fileRef = 661F8BA71848CB590099319C /* XCTest.framework */; };
		661F8BA91848CB5A0099319C /* Foundation.framework in Frameworks */ = {isa = PBXBuildFile; fileRef = 661F8B881848CB590099319C /* Foundation.framework */; };
		661F8BAA1848CB5A0099319C /* UIKit.framework in Frameworks */ = {isa = PBXBuildFile; fileRef = 661F8B8C1848CB590099319C /* UIKit.framework */; };
		661F8BB21848CB5A0099319C /* InfoPlist.strings in Resources */ = {isa = PBXBuildFile; fileRef = 661F8BB01848CB5A0099319C /* InfoPlist.strings */; };
		661F8BB41848CB5A0099319C /* test4Tests.m in Sources */ = {isa = PBXBuildFile; fileRef = 661F8BB31848CB5A0099319C /* test4Tests.m */; };
		661F8BBF1848CB810099319C /* SecondViewController.m in Sources */ = {isa = PBXBuildFile; fileRef = 661F8BBE1848CB810099319C /* SecondViewController.m */; };
		661F8BC21849BFA30099319C /* RankViewController.m in Sources */ = {isa = PBXBuildFile; fileRef = 661F8BC11849BFA30099319C /* RankViewController.m */; };
		661F8BC51849F52A0099319C /* StartViewController.m in Sources */ = {isa = PBXBuildFile; fileRef = 661F8BC41849F52A0099319C /* StartViewController.m */; };
		662D6733186282F500288222 /* cheeter2.mp3 in Resources */ = {isa = PBXBuildFile; fileRef = 662D672E186282F500288222 /* cheeter2.mp3 */; };
		667C780F187E464E000FEA9C /* bakuha.mp3 in Resources */ = {isa = PBXBuildFile; fileRef = 667C780E187E464E000FEA9C /* bakuha.mp3 */; };
		667C7832187FE009000FEA9C /* 1.jpeg in Resources */ = {isa = PBXBuildFile; fileRef = 667C782F187FE009000FEA9C /* 1.jpeg */; };
		667C7834187FE009000FEA9C /* 2.jpeg in Resources */ = {isa = PBXBuildFile; fileRef = 667C7831187FE009000FEA9C /* 2.jpeg */; };
		667C7838187FE032000FEA9C /* icon.png in Resources */ = {isa = PBXBuildFile; fileRef = 667C7837187FE031000FEA9C /* icon.png */; };
		667C7847187FE054000FEA9C /* 3.jpeg in Resources */ = {isa = PBXBuildFile; fileRef = 667C7839187FE054000FEA9C /* 3.jpeg */; };
		667C7848187FE054000FEA9C /* 4.jpeg in Resources */ = {isa = PBXBuildFile; fileRef = 667C783A187FE054000FEA9C /* 4.jpeg */; };
		667C7849187FE054000FEA9C /* 5.jpeg in Resources */ = {isa = PBXBuildFile; fileRef = 667C783B187FE054000FEA9C /* 5.jpeg */; };
		667C784A187FE054000FEA9C /* 6.jpeg in Resources */ = {isa = PBXBuildFile; fileRef = 667C783C187FE054000FEA9C /* 6.jpeg */; };
		667C784B187FE054000FEA9C /* 7.jpeg in Resources */ = {isa = PBXBuildFile; fileRef = 667C783D187FE054000FEA9C /* 7.jpeg */; };
		667C784C187FE054000FEA9C /* 8.jpeg in Resources */ = {isa = PBXBuildFile; fileRef = 667C783E187FE054000FEA9C /* 8.jpeg */; };
		667C784D187FE054000FEA9C /* 9.jpeg in Resources */ = {isa = PBXBuildFile; fileRef = 667C783F187FE054000FEA9C /* 9.jpeg */; };
		667C784E187FE054000FEA9C /* 10.jpeg in Resources */ = {isa = PBXBuildFile; fileRef = 667C7840187FE054000FEA9C /* 10.jpeg */; };
		667C784F187FE054000FEA9C /* Arrow back.png in Resources */ = {isa = PBXBuildFile; fileRef = 667C7841187FE054000FEA9C /* Arrow back.png */; };
		667C7850187FE054000FEA9C /* heart.png in Resources */ = {isa = PBXBuildFile; fileRef = 667C7842187FE054000FEA9C /* heart.png */; };
		667C7851187FE054000FEA9C /* kirin.png in Resources */ = {isa = PBXBuildFile; fileRef = 667C7843187FE054000FEA9C /* kirin.png */; };
		667C7852187FE054000FEA9C /* lion.png in Resources */ = {isa = PBXBuildFile; fileRef = 667C7844187FE054000FEA9C /* lion.png */; };
		667C7853187FE054000FEA9C /* rank.png in Resources */ = {isa = PBXBuildFile; fileRef = 667C7845187FE054000FEA9C /* rank.png */; };
		667C7854187FE054000FEA9C /* start.png in Resources */ = {isa = PBXBuildFile; fileRef = 667C7846187FE054000FEA9C /* start.png */; };
		667C7859187FE48E000FEA9C /* start2.jpeg in Resources */ = {isa = PBXBuildFile; fileRef = 667C7856187FE48E000FEA9C /* start2.jpeg */; };
		667C7860188631FC000FEA9C /* ti-ta-.mp3 in Resources */ = {isa = PBXBuildFile; fileRef = 667C785F188631FC000FEA9C /* ti-ta-.mp3 */; };
/* End PBXBuildFile section */

/* Begin PBXContainerItemProxy section */
		661F8BAB1848CB5A0099319C /* PBXContainerItemProxy */ = {
			isa = PBXContainerItemProxy;
			containerPortal = 661F8B7D1848CB590099319C /* Project object */;
			proxyType = 1;
			remoteGlobalIDString = 661F8B841848CB590099319C;
			remoteInfo = test4;
		};
/* End PBXContainerItemProxy section */

/* Begin PBXFileReference section */
		2BCEB7F2185EF2AB007C8D2C /* AVFoundation.framework */ = {isa = PBXFileReference; lastKnownFileType = wrapper.framework; name = AVFoundation.framework; path = System/Library/Frameworks/AVFoundation.framework; sourceTree = SDKROOT; };
		661F8B851848CB590099319C /* Meteo.app */ = {isa = PBXFileReference; explicitFileType = wrapper.application; includeInIndex = 0; path = Meteo.app; sourceTree = BUILT_PRODUCTS_DIR; };
		661F8B881848CB590099319C /* Foundation.framework */ = {isa = PBXFileReference; lastKnownFileType = wrapper.framework; name = Foundation.framework; path = System/Library/Frameworks/Foundation.framework; sourceTree = SDKROOT; };
		661F8B8A1848CB590099319C /* CoreGraphics.framework */ = {isa = PBXFileReference; lastKnownFileType = wrapper.framework; name = CoreGraphics.framework; path = System/Library/Frameworks/CoreGraphics.framework; sourceTree = SDKROOT; };
		661F8B8C1848CB590099319C /* UIKit.framework */ = {isa = PBXFileReference; lastKnownFileType = wrapper.framework; name = UIKit.framework; path = System/Library/Frameworks/UIKit.framework; sourceTree = SDKROOT; };
		661F8B901848CB590099319C /* Meteo-Info.plist */ = {isa = PBXFileReference; lastKnownFileType = text.plist.xml; path = "Meteo-Info.plist"; sourceTree = "<group>"; };
		661F8B921848CB590099319C /* en */ = {isa = PBXFileReference; lastKnownFileType = text.plist.strings; name = en; path = en.lproj/InfoPlist.strings; sourceTree = "<group>"; };
		661F8B941848CB590099319C /* main.m */ = {isa = PBXFileReference; lastKnownFileType = sourcecode.c.objc; path = main.m; sourceTree = "<group>"; };
		661F8B961848CB590099319C /* Meteo-Prefix.pch */ = {isa = PBXFileReference; lastKnownFileType = sourcecode.c.h; path = "Meteo-Prefix.pch"; sourceTree = "<group>"; };
		661F8B971848CB590099319C /* AppDelegate.h */ = {isa = PBXFileReference; lastKnownFileType = sourcecode.c.h; path = AppDelegate.h; sourceTree = "<group>"; };
		661F8B981848CB590099319C /* AppDelegate.m */ = {isa = PBXFileReference; lastKnownFileType = sourcecode.c.objc; path = AppDelegate.m; sourceTree = "<group>"; };
		661F8B9B1848CB590099319C /* Base */ = {isa = PBXFileReference; lastKnownFileType = file.storyboard; name = Base; path = Base.lproj/Main.storyboard; sourceTree = "<group>"; };
		661F8B9D1848CB590099319C /* ViewController.h */ = {isa = PBXFileReference; lastKnownFileType = sourcecode.c.h; path = ViewController.h; sourceTree = "<group>"; };
		661F8B9E1848CB590099319C /* ViewController.m */ = {isa = PBXFileReference; lastKnownFileType = sourcecode.c.objc; path = ViewController.m; sourceTree = "<group>"; };
		661F8BA01848CB590099319C /* Images.xcassets */ = {isa = PBXFileReference; lastKnownFileType = folder.assetcatalog; path = Images.xcassets; sourceTree = "<group>"; };
		661F8BA61848CB590099319C /* MeteoTests.xctest */ = {isa = PBXFileReference; explicitFileType = wrapper.cfbundle; includeInIndex = 0; path = MeteoTests.xctest; sourceTree = BUILT_PRODUCTS_DIR; };
		661F8BA71848CB590099319C /* XCTest.framework */ = {isa = PBXFileReference; lastKnownFileType = wrapper.framework; name = XCTest.framework; path = Library/Frameworks/XCTest.framework; sourceTree = DEVELOPER_DIR; };
		661F8BAF1848CB5A0099319C /* MeteoTests-Info.plist */ = {isa = PBXFileReference; lastKnownFileType = text.plist.xml; path = "MeteoTests-Info.plist"; sourceTree = "<group>"; };
		661F8BB11848CB5A0099319C /* en */ = {isa = PBXFileReference; lastKnownFileType = text.plist.strings; name = en; path = en.lproj/InfoPlist.strings; sourceTree = "<group>"; };
		661F8BB31848CB5A0099319C /* test4Tests.m */ = {isa = PBXFileReference; lastKnownFileType = sourcecode.c.objc; path = test4Tests.m; sourceTree = "<group>"; };
		661F8BBD1848CB810099319C /* SecondViewController.h */ = {isa = PBXFileReference; fileEncoding = 4; lastKnownFileType = sourcecode.c.h; path = SecondViewController.h; sourceTree = "<group>"; };
		661F8BBE1848CB810099319C /* SecondViewController.m */ = {isa = PBXFileReference; fileEncoding = 4; lastKnownFileType = sourcecode.c.objc; path = SecondViewController.m; sourceTree = "<group>"; };
		661F8BC01849BFA30099319C /* RankViewController.h */ = {isa = PBXFileReference; fileEncoding = 4; lastKnownFileType = sourcecode.c.h; path = RankViewController.h; sourceTree = "<group>"; };
		661F8BC11849BFA30099319C /* RankViewController.m */ = {isa = PBXFileReference; fileEncoding = 4; lastKnownFileType = sourcecode.c.objc; path = RankViewController.m; sourceTree = "<group>"; };
		661F8BC31849F52A0099319C /* StartViewController.h */ = {isa = PBXFileReference; fileEncoding = 4; lastKnownFileType = sourcecode.c.h; path = StartViewController.h; sourceTree = "<group>"; };
		661F8BC41849F52A0099319C /* StartViewController.m */ = {isa = PBXFileReference; fileEncoding = 4; lastKnownFileType = sourcecode.c.objc; path = StartViewController.m; sourceTree = "<group>"; };
		662D672E186282F500288222 /* cheeter2.mp3 */ = {isa = PBXFileReference; lastKnownFileType = audio.mp3; name = cheeter2.mp3; path = ../test4/test4/cheeter2.mp3; sourceTree = "<group>"; };
		667C780E187E464E000FEA9C /* bakuha.mp3 */ = {isa = PBXFileReference; lastKnownFileType = audio.mp3; name = bakuha.mp3; path = ../test4/test4/bakuha.mp3; sourceTree = "<group>"; };
		667C782F187FE009000FEA9C /* 1.jpeg */ = {isa = PBXFileReference; lastKnownFileType = image.jpeg; path = 1.jpeg; sourceTree = "<group>"; };
		667C7831187FE009000FEA9C /* 2.jpeg */ = {isa = PBXFileReference; lastKnownFileType = image.jpeg; path = 2.jpeg; sourceTree = "<group>"; };
		667C7837187FE031000FEA9C /* icon.png */ = {isa = PBXFileReference; lastKnownFileType = image.png; name = icon.png; path = image/icon.png; sourceTree = "<group>"; };
		667C7839187FE054000FEA9C /* 3.jpeg */ = {isa = PBXFileReference; lastKnownFileType = image.jpeg; path = 3.jpeg; sourceTree = "<group>"; };
		667C783A187FE054000FEA9C /* 4.jpeg */ = {isa = PBXFileReference; lastKnownFileType = image.jpeg; path = 4.jpeg; sourceTree = "<group>"; };
		667C783B187FE054000FEA9C /* 5.jpeg */ = {isa = PBXFileReference; lastKnownFileType = image.jpeg; path = 5.jpeg; sourceTree = "<group>"; };
		667C783C187FE054000FEA9C /* 6.jpeg */ = {isa = PBXFileReference; lastKnownFileType = image.jpeg; path = 6.jpeg; sourceTree = "<group>"; };
		667C783D187FE054000FEA9C /* 7.jpeg */ = {isa = PBXFileReference; lastKnownFileType = image.jpeg; path = 7.jpeg; sourceTree = "<group>"; };
		667C783E187FE054000FEA9C /* 8.jpeg */ = {isa = PBXFileReference; lastKnownFileType = image.jpeg; path = 8.jpeg; sourceTree = "<group>"; };
		667C783F187FE054000FEA9C /* 9.jpeg */ = {isa = PBXFileReference; lastKnownFileType = image.jpeg; path = 9.jpeg; sourceTree = "<group>"; };
		667C7840187FE054000FEA9C /* 10.jpeg */ = {isa = PBXFileReference; lastKnownFileType = image.jpeg; path = 10.jpeg; sourceTree = "<group>"; };
		667C7841187FE054000FEA9C /* Arrow back.png */ = {isa = PBXFileReference; lastKnownFileType = image.png; path = "Arrow back.png"; sourceTree = "<group>"; };
		667C7842187FE054000FEA9C /* heart.png */ = {isa = PBXFileReference; lastKnownFileType = image.png; path = heart.png; sourceTree = "<group>"; };
		667C7843187FE054000FEA9C /* kirin.png */ = {isa = PBXFileReference; lastKnownFileType = image.png; path = kirin.png; sourceTree = "<group>"; };
		667C7844187FE054000FEA9C /* lion.png */ = {isa = PBXFileReference; lastKnownFileType = image.png; path = lion.png; sourceTree = "<group>"; };
		667C7845187FE054000FEA9C /* rank.png */ = {isa = PBXFileReference; lastKnownFileType = image.png; path = rank.png; sourceTree = "<group>"; };
		667C7846187FE054000FEA9C /* start.png */ = {isa = PBXFileReference; lastKnownFileType = image.png; path = start.png; sourceTree = "<group>"; };
		667C7856187FE48E000FEA9C /* start2.jpeg */ = {isa = PBXFileReference; lastKnownFileType = image.jpeg; path = start2.jpeg; sourceTree = "<group>"; };
		667C785F188631FC000FEA9C /* ti-ta-.mp3 */ = {isa = PBXFileReference; lastKnownFileType = audio.mp3; name = "ti-ta-.mp3"; path = "test4/ti-ta-.mp3"; sourceTree = SOURCE_ROOT; };
/* End PBXFileReference section */

/* Begin PBXFrameworksBuildPhase section */
		661F8B821848CB590099319C /* Frameworks */ = {
			isa = PBXFrameworksBuildPhase;
			buildActionMask = 2147483647;
			files = (
				2BCEB7F3185EF2AB007C8D2C /* AVFoundation.framework in Frameworks */,
				661F8B8B1848CB590099319C /* CoreGraphics.framework in Frameworks */,
				661F8B8D1848CB590099319C /* UIKit.framework in Frameworks */,
				661F8B891848CB590099319C /* Foundation.framework in Frameworks */,
			);
			runOnlyForDeploymentPostprocessing = 0;
		};
		661F8BA31848CB590099319C /* Frameworks */ = {
			isa = PBXFrameworksBuildPhase;
			buildActionMask = 2147483647;
			files = (
				661F8BA81848CB590099319C /* XCTest.framework in Frameworks */,
				661F8BAA1848CB5A0099319C /* UIKit.framework in Frameworks */,
				661F8BA91848CB5A0099319C /* Foundation.framework in Frameworks */,
			);
			runOnlyForDeploymentPostprocessing = 0;
		};
/* End PBXFrameworksBuildPhase section */

/* Begin PBXGroup section */
		2BCEB7F4185EF2F3007C8D2C /* Sound */ = {
			isa = PBXGroup;
			children = (
				667C785F188631FC000FEA9C /* ti-ta-.mp3 */,
				662D672E186282F500288222 /* cheeter2.mp3 */,
				667C780E187E464E000FEA9C /* bakuha.mp3 */,
			);
			name = Sound;
			path = ../Sound;
			sourceTree = "<group>";
		};
		661F8B7C1848CB590099319C = {
			isa = PBXGroup;
			children = (
				661F8B8E1848CB590099319C /* test4 */,
				661F8BAD1848CB5A0099319C /* test4Tests */,
				661F8B871848CB590099319C /* Frameworks */,
				661F8B861848CB590099319C /* Products */,
			);
			sourceTree = "<group>";
		};
		661F8B861848CB590099319C /* Products */ = {
			isa = PBXGroup;
			children = (
				661F8B851848CB590099319C /* Meteo.app */,
				661F8BA61848CB590099319C /* MeteoTests.xctest */,
			);
			name = Products;
			sourceTree = "<group>";
		};
		661F8B871848CB590099319C /* Frameworks */ = {
			isa = PBXGroup;
			children = (
				2BCEB7F4185EF2F3007C8D2C /* Sound */,
				2BCEB7F2185EF2AB007C8D2C /* AVFoundation.framework */,
				661F8B881848CB590099319C /* Foundation.framework */,
				661F8B8A1848CB590099319C /* CoreGraphics.framework */,
				661F8B8C1848CB590099319C /* UIKit.framework */,
				661F8BA71848CB590099319C /* XCTest.framework */,
			);
			name = Frameworks;
			sourceTree = "<group>";
		};
		661F8B8E1848CB590099319C /* test4 */ = {
			isa = PBXGroup;
			children = (
				667C7828187FA5C5000FEA9C /* Images */,
				664D817E1859938B00169601 /* image */,
				661F8B971848CB590099319C /* AppDelegate.h */,
				661F8BC01849BFA30099319C /* RankViewController.h */,
				661F8BC11849BFA30099319C /* RankViewController.m */,
				661F8B981848CB590099319C /* AppDelegate.m */,
				661F8B9A1848CB590099319C /* Main.storyboard */,
				661F8BBD1848CB810099319C /* SecondViewController.h */,
				661F8BBE1848CB810099319C /* SecondViewController.m */,
				661F8B9D1848CB590099319C /* ViewController.h */,
				661F8B9E1848CB590099319C /* ViewController.m */,
				661F8BC31849F52A0099319C /* StartViewController.h */,
				661F8BC41849F52A0099319C /* StartViewController.m */,
				661F8BA01848CB590099319C /* Images.xcassets */,
				661F8B8F1848CB590099319C /* Supporting Files */,
			);
			path = test4;
			sourceTree = "<group>";
		};
		661F8B8F1848CB590099319C /* Supporting Files */ = {
			isa = PBXGroup;
			children = (
				661F8B901848CB590099319C /* Meteo-Info.plist */,
				661F8B911848CB590099319C /* InfoPlist.strings */,
				661F8B941848CB590099319C /* main.m */,
				661F8B961848CB590099319C /* Meteo-Prefix.pch */,
			);
			name = "Supporting Files";
			sourceTree = "<group>";
		};
		661F8BAD1848CB5A0099319C /* test4Tests */ = {
			isa = PBXGroup;
			children = (
				661F8BB31848CB5A0099319C /* test4Tests.m */,
				661F8BAE1848CB5A0099319C /* Supporting Files */,
			);
			path = test4Tests;
			sourceTree = "<group>";
		};
		661F8BAE1848CB5A0099319C /* Supporting Files */ = {
			isa = PBXGroup;
			children = (
				661F8BAF1848CB5A0099319C /* MeteoTests-Info.plist */,
				661F8BB01848CB5A0099319C /* InfoPlist.strings */,
			);
			name = "Supporting Files";
			sourceTree = "<group>";
		};
		664D817E1859938B00169601 /* image */ = {
			isa = PBXGroup;
			children = (
				667C7856187FE48E000FEA9C /* start2.jpeg */,
				667C7839187FE054000FEA9C /* 3.jpeg */,
				667C783A187FE054000FEA9C /* 4.jpeg */,
				667C783B187FE054000FEA9C /* 5.jpeg */,
				667C783C187FE054000FEA9C /* 6.jpeg */,
				667C783D187FE054000FEA9C /* 7.jpeg */,
				667C783E187FE054000FEA9C /* 8.jpeg */,
				667C783F187FE054000FEA9C /* 9.jpeg */,
				667C7840187FE054000FEA9C /* 10.jpeg */,
				667C7841187FE054000FEA9C /* Arrow back.png */,
				667C7842187FE054000FEA9C /* heart.png */,
				667C7843187FE054000FEA9C /* kirin.png */,
				667C7844187FE054000FEA9C /* lion.png */,
				667C7845187FE054000FEA9C /* rank.png */,
				667C7846187FE054000FEA9C /* start.png */,
				667C782F187FE009000FEA9C /* 1.jpeg */,
				667C7831187FE009000FEA9C /* 2.jpeg */,
			);
			path = image;
			sourceTree = "<group>";
		};
		667C7828187FA5C5000FEA9C /* Images */ = {
			isa = PBXGroup;
			children = (
				667C7837187FE031000FEA9C /* icon.png */,
			);
			name = Images;
			sourceTree = "<group>";
		};
/* End PBXGroup section */

/* Begin PBXNativeTarget section */
		661F8B841848CB590099319C /* Meteo */ = {
			isa = PBXNativeTarget;
			buildConfigurationList = 661F8BB71848CB5A0099319C /* Build configuration list for PBXNativeTarget "Meteo" */;
			buildPhases = (
				661F8B811848CB590099319C /* Sources */,
				661F8B821848CB590099319C /* Frameworks */,
				661F8B831848CB590099319C /* Resources */,
			);
			buildRules = (
			);
			dependencies = (
			);
			name = Meteo;
			productName = test4;
			productReference = 661F8B851848CB590099319C /* Meteo.app */;
			productType = "com.apple.product-type.application";
		};
		661F8BA51848CB590099319C /* MeteoTests */ = {
			isa = PBXNativeTarget;
			buildConfigurationList = 661F8BBA1848CB5A0099319C /* Build configuration list for PBXNativeTarget "MeteoTests" */;
			buildPhases = (
				661F8BA21848CB590099319C /* Sources */,
				661F8BA31848CB590099319C /* Frameworks */,
				661F8BA41848CB590099319C /* Resources */,
			);
			buildRules = (
			);
			dependencies = (
				661F8BAC1848CB5A0099319C /* PBXTargetDependency */,
			);
			name = MeteoTests;
			productName = test4Tests;
			productReference = 661F8BA61848CB590099319C /* MeteoTests.xctest */;
			productType = "com.apple.product-type.bundle.unit-test";
		};
/* End PBXNativeTarget section */

/* Begin PBXProject section */
		661F8B7D1848CB590099319C /* Project object */ = {
			isa = PBXProject;
			attributes = {
				LastUpgradeCheck = 0500;
				ORGANIZATIONNAME = "Tomoki OOSHIRO";
				TargetAttributes = {
					661F8BA51848CB590099319C = {
						TestTargetID = 661F8B841848CB590099319C;
					};
				};
			};
			buildConfigurationList = 661F8B801848CB590099319C /* Build configuration list for PBXProject "Meteo" */;
			compatibilityVersion = "Xcode 3.2";
			developmentRegion = English;
			hasScannedForEncodings = 0;
			knownRegions = (
				en,
				Base,
			);
			mainGroup = 661F8B7C1848CB590099319C;
			productRefGroup = 661F8B861848CB590099319C /* Products */;
			projectDirPath = "";
			projectRoot = "";
			targets = (
				661F8B841848CB590099319C /* Meteo */,
				661F8BA51848CB590099319C /* MeteoTests */,
			);
		};
/* End PBXProject section */

/* Begin PBXResourcesBuildPhase section */
		661F8B831848CB590099319C /* Resources */ = {
			isa = PBXResourcesBuildPhase;
			buildActionMask = 2147483647;
			files = (
				667C7847187FE054000FEA9C /* 3.jpeg in Resources */,
				667C7834187FE009000FEA9C /* 2.jpeg in Resources */,
				667C7853187FE054000FEA9C /* rank.png in Resources */,
				667C7832187FE009000FEA9C /* 1.jpeg in Resources */,
				661F8BA11848CB590099319C /* Images.xcassets in Resources */,
				667C7854187FE054000FEA9C /* start.png in Resources */,
				667C7851187FE054000FEA9C /* kirin.png in Resources */,
				667C784D187FE054000FEA9C /* 9.jpeg in Resources */,
				667C784A187FE054000FEA9C /* 6.jpeg in Resources */,
				667C780F187E464E000FEA9C /* bakuha.mp3 in Resources */,
				661F8B931848CB590099319C /* InfoPlist.strings in Resources */,
				662D6733186282F500288222 /* cheeter2.mp3 in Resources */,
				667C784C187FE054000FEA9C /* 8.jpeg in Resources */,
				667C7838187FE032000FEA9C /* icon.png in Resources */,
				661F8B9C1848CB590099319C /* Main.storyboard in Resources */,
				667C784F187FE054000FEA9C /* Arrow back.png in Resources */,
				667C7850187FE054000FEA9C /* heart.png in Resources */,
				667C784B187FE054000FEA9C /* 7.jpeg in Resources */,
				667C7849187FE054000FEA9C /* 5.jpeg in Resources */,
				667C7852187FE054000FEA9C /* lion.png in Resources */,
				667C7860188631FC000FEA9C /* ti-ta-.mp3 in Resources */,
				667C7859187FE48E000FEA9C /* start2.jpeg in Resources */,
				667C7848187FE054000FEA9C /* 4.jpeg in Resources */,
				667C784E187FE054000FEA9C /* 10.jpeg in Resources */,
			);
			runOnlyForDeploymentPostprocessing = 0;
		};
		661F8BA41848CB590099319C /* Resources */ = {
			isa = PBXResourcesBuildPhase;
			buildActionMask = 2147483647;
			files = (
				661F8BB21848CB5A0099319C /* InfoPlist.strings in Resources */,
			);
			runOnlyForDeploymentPostprocessing = 0;
		};
/* End PBXResourcesBuildPhase section */

/* Begin PBXSourcesBuildPhase section */
		661F8B811848CB590099319C /* Sources */ = {
			isa = PBXSourcesBuildPhase;
			buildActionMask = 2147483647;
			files = (
				661F8BBF1848CB810099319C /* SecondViewController.m in Sources */,
				661F8B9F1848CB590099319C /* ViewController.m in Sources */,
				661F8B991848CB590099319C /* AppDelegate.m in Sources */,
				661F8BC51849F52A0099319C /* StartViewController.m in Sources */,
				661F8B951848CB590099319C /* main.m in Sources */,
				661F8BC21849BFA30099319C /* RankViewController.m in Sources */,
			);
			runOnlyForDeploymentPostprocessing = 0;
		};
		661F8BA21848CB590099319C /* Sources */ = {
			isa = PBXSourcesBuildPhase;
			buildActionMask = 2147483647;
			files = (
				661F8BB41848CB5A0099319C /* test4Tests.m in Sources */,
			);
			runOnlyForDeploymentPostprocessing = 0;
		};
/* End PBXSourcesBuildPhase section */

/* Begin PBXTargetDependency section */
		661F8BAC1848CB5A0099319C /* PBXTargetDependency */ = {
			isa = PBXTargetDependency;
			target = 661F8B841848CB590099319C /* Meteo */;
			targetProxy = 661F8BAB1848CB5A0099319C /* PBXContainerItemProxy */;
		};
/* End PBXTargetDependency section */

/* Begin PBXVariantGroup section */
		661F8B911848CB590099319C /* InfoPlist.strings */ = {
			isa = PBXVariantGroup;
			children = (
				661F8B921848CB590099319C /* en */,
			);
			name = InfoPlist.strings;
			sourceTree = "<group>";
		};
		661F8B9A1848CB590099319C /* Main.storyboard */ = {
			isa = PBXVariantGroup;
			children = (
				661F8B9B1848CB590099319C /* Base */,
			);
			name = Main.storyboard;
			sourceTree = "<group>";
		};
		661F8BB01848CB5A0099319C /* InfoPlist.strings */ = {
			isa = PBXVariantGroup;
			children = (
				661F8BB11848CB5A0099319C /* en */,
			);
			name = InfoPlist.strings;
			sourceTree = "<group>";
		};
/* End PBXVariantGroup section */

/* Begin XCBuildConfiguration section */
		661F8BB51848CB5A0099319C /* Debug */ = {
			isa = XCBuildConfiguration;
			buildSettings = {
				ALWAYS_SEARCH_USER_PATHS = NO;
				ARCHS = "$(ARCHS_STANDARD_INCLUDING_64_BIT)";
				CLANG_CXX_LANGUAGE_STANDARD = "gnu++0x";
				CLANG_CXX_LIBRARY = "libc++";
				CLANG_ENABLE_MODULES = YES;
				CLANG_ENABLE_OBJC_ARC = YES;
				CLANG_WARN_BOOL_CONVERSION = YES;
				CLANG_WARN_CONSTANT_CONVERSION = YES;
				CLANG_WARN_DIRECT_OBJC_ISA_USAGE = YES_ERROR;
				CLANG_WARN_EMPTY_BODY = YES;
				CLANG_WARN_ENUM_CONVERSION = YES;
				CLANG_WARN_INT_CONVERSION = YES;
				CLANG_WARN_OBJC_ROOT_CLASS = YES_ERROR;
				CLANG_WARN__DUPLICATE_METHOD_MATCH = YES;
				"CODE_SIGN_IDENTITY[sdk=iphoneos*]" = "iPhone Developer";
				COPY_PHASE_STRIP = NO;
				GCC_C_LANGUAGE_STANDARD = gnu99;
				GCC_DYNAMIC_NO_PIC = NO;
				GCC_OPTIMIZATION_LEVEL = 0;
				GCC_PREPROCESSOR_DEFINITIONS = (
					"DEBUG=1",
					"$(inherited)",
				);
				GCC_SYMBOLS_PRIVATE_EXTERN = NO;
				GCC_WARN_64_TO_32_BIT_CONVERSION = YES;
				GCC_WARN_ABOUT_RETURN_TYPE = YES_ERROR;
				GCC_WARN_UNDECLARED_SELECTOR = YES;
				GCC_WARN_UNINITIALIZED_AUTOS = YES;
				GCC_WARN_UNUSED_FUNCTION = YES;
				GCC_WARN_UNUSED_VARIABLE = YES;
				IPHONEOS_DEPLOYMENT_TARGET = 7.0;
				ONLY_ACTIVE_ARCH = YES;
				SDKROOT = iphoneos;
			};
			name = Debug;
		};
		661F8BB61848CB5A0099319C /* Release */ = {
			isa = XCBuildConfiguration;
			buildSettings = {
				ALWAYS_SEARCH_USER_PATHS = NO;
				ARCHS = "$(ARCHS_STANDARD_INCLUDING_64_BIT)";
				CLANG_CXX_LANGUAGE_STANDARD = "gnu++0x";
				CLANG_CXX_LIBRARY = "libc++";
				CLANG_ENABLE_MODULES = YES;
				CLANG_ENABLE_OBJC_ARC = YES;
				CLANG_WARN_BOOL_CONVERSION = YES;
				CLANG_WARN_CONSTANT_CONVERSION = YES;
				CLANG_WARN_DIRECT_OBJC_ISA_USAGE = YES_ERROR;
				CLANG_WARN_EMPTY_BODY = YES;
				CLANG_WARN_ENUM_CONVERSION = YES;
				CLANG_WARN_INT_CONVERSION = YES;
				CLANG_WARN_OBJC_ROOT_CLASS = YES_ERROR;
				CLANG_WARN__DUPLICATE_METHOD_MATCH = YES;
				"CODE_SIGN_IDENTITY[sdk=iphoneos*]" = "iPhone Developer";
				COPY_PHASE_STRIP = YES;
				ENABLE_NS_ASSERTIONS = NO;
				GCC_C_LANGUAGE_STANDARD = gnu99;
				GCC_WARN_64_TO_32_BIT_CONVERSION = YES;
				GCC_WARN_ABOUT_RETURN_TYPE = YES_ERROR;
				GCC_WARN_UNDECLARED_SELECTOR = YES;
				GCC_WARN_UNINITIALIZED_AUTOS = YES;
				GCC_WARN_UNUSED_FUNCTION = YES;
				GCC_WARN_UNUSED_VARIABLE = YES;
				IPHONEOS_DEPLOYMENT_TARGET = 7.0;
				SDKROOT = iphoneos;
				VALIDATE_PRODUCT = YES;
			};
			name = Release;
		};
		661F8BB81848CB5A0099319C /* Debug */ = {
			isa = XCBuildConfiguration;
			buildSettings = {
				ASSETCATALOG_COMPILER_APPICON_NAME = AppIcon;
				ASSETCATALOG_COMPILER_LAUNCHIMAGE_NAME = LaunchImage;
				GCC_PRECOMPILE_PREFIX_HEADER = YES;
				GCC_PREFIX_HEADER = "test4/Meteo-Prefix.pch";
				INFOPLIST_FILE = "test4/Meteo-Info.plist";
				PRODUCT_NAME = Meteo;
				WRAPPER_EXTENSION = app;
			};
			name = Debug;
		};
		661F8BB91848CB5A0099319C /* Release */ = {
			isa = XCBuildConfiguration;
			buildSettings = {
				ASSETCATALOG_COMPILER_APPICON_NAME = AppIcon;
				ASSETCATALOG_COMPILER_LAUNCHIMAGE_NAME = LaunchImage;
				GCC_PRECOMPILE_PREFIX_HEADER = YES;
				GCC_PREFIX_HEADER = "test4/Meteo-Prefix.pch";
				INFOPLIST_FILE = "test4/Meteo-Info.plist";
				PRODUCT_NAME = Meteo;
				WRAPPER_EXTENSION = app;
			};
			name = Release;
		};
		661F8BBB1848CB5A0099319C /* Debug */ = {
			isa = XCBuildConfiguration;
			buildSettings = {
				ARCHS = "$(ARCHS_STANDARD_INCLUDING_64_BIT)";
				BUNDLE_LOADER = "$(BUILT_PRODUCTS_DIR)/test4.app/test4";
				FRAMEWORK_SEARCH_PATHS = (
					"$(SDKROOT)/Developer/Library/Frameworks",
					"$(inherited)",
					"$(DEVELOPER_FRAMEWORKS_DIR)",
				);
				GCC_PRECOMPILE_PREFIX_HEADER = YES;
				GCC_PREFIX_HEADER = "test4/test4-Prefix.pch";
				GCC_PREPROCESSOR_DEFINITIONS = (
					"DEBUG=1",
					"$(inherited)",
				);
				INFOPLIST_FILE = "test4Tests/MeteoTests-Info.plist";
				PRODUCT_NAME = MeteoTests;
				TEST_HOST = "$(BUNDLE_LOADER)";
				WRAPPER_EXTENSION = xctest;
			};
			name = Debug;
		};
		661F8BBC1848CB5A0099319C /* Release */ = {
			isa = XCBuildConfiguration;
			buildSettings = {
				ARCHS = "$(ARCHS_STANDARD_INCLUDING_64_BIT)";
				BUNDLE_LOADER = "$(BUILT_PRODUCTS_DIR)/test4.app/test4";
				FRAMEWORK_SEARCH_PATHS = (
					"$(SDKROOT)/Developer/Library/Frameworks",
					"$(inherited)",
					"$(DEVELOPER_FRAMEWORKS_DIR)",
				);
				GCC_PRECOMPILE_PREFIX_HEADER = YES;
				GCC_PREFIX_HEADER = "test4/test4-Prefix.pch";
				INFOPLIST_FILE = "test4Tests/MeteoTests-Info.plist";
				PRODUCT_NAME = MeteoTests;
				TEST_HOST = "$(BUNDLE_LOADER)";
				WRAPPER_EXTENSION = xctest;
			};
			name = Release;
		};
/* End XCBuildConfiguration section */

/* Begin XCConfigurationList section */
		661F8B801848CB590099319C /* Build configuration list for PBXProject "Meteo" */ = {
			isa = XCConfigurationList;
			buildConfigurations = (
				661F8BB51848CB5A0099319C /* Debug */,
				661F8BB61848CB5A0099319C /* Release */,
			);
			defaultConfigurationIsVisible = 0;
			defaultConfigurationName = Release;
		};
		661F8BB71848CB5A0099319C /* Build configuration list for PBXNativeTarget "Meteo" */ = {
			isa = XCConfigurationList;
			buildConfigurations = (
				661F8BB81848CB5A0099319C /* Debug */,
				661F8BB91848CB5A0099319C /* Release */,
			);
			defaultConfigurationIsVisible = 0;
			defaultConfigurationName = Release;
		};
		661F8BBA1848CB5A0099319C /* Build configuration list for PBXNativeTarget "MeteoTests" */ = {
			isa = XCConfigurationList;
			buildConfigurations = (
				661F8BBB1848CB5A0099319C /* Debug */,
				661F8BBC1848CB5A0099319C /* Release */,
			);
			defaultConfigurationIsVisible = 0;
			defaultConfigurationName = Release;
		};
/* End XCConfigurationList section */
	};
	rootObject = 661F8B7D1848CB590099319C /* Project object */;
}
